// !$*UTF8*$!
{
	archiveVersion = 1;
	classes = {
	};
	objectVersion = 56;
	objects = {

/* Begin PBXBuildFile section */
		4B12189029C9280000F3A6AF /* TokenView.swift in Sources */ = {isa = PBXBuildFile; fileRef = 4B12188F29C9280000F3A6AF /* TokenView.swift */; };
		4B12189229C92A0000F3A6AF /* TokenViewModel.swift in Sources */ = {isa = PBXBuildFile; fileRef = 4B12189129C92A0000F3A6AF /* TokenViewModel.swift */; };
		4B58CC7A29BE2D6900CEAE59 /* XcodeGPTApp.swift in Sources */ = {isa = PBXBuildFile; fileRef = 4B58CC7929BE2D6900CEAE59 /* XcodeGPTApp.swift */; };
		4B58CC7C29BE2D6900CEAE59 /* HomeView.swift in Sources */ = {isa = PBXBuildFile; fileRef = 4B58CC7B29BE2D6900CEAE59 /* HomeView.swift */; };
		4B58CC7E29BE2D6B00CEAE59 /* Assets.xcassets in Resources */ = {isa = PBXBuildFile; fileRef = 4B58CC7D29BE2D6B00CEAE59 /* Assets.xcassets */; };
		4B58CC8129BE2D6B00CEAE59 /* Preview Assets.xcassets in Resources */ = {isa = PBXBuildFile; fileRef = 4B58CC8029BE2D6B00CEAE59 /* Preview Assets.xcassets */; };
		4B58CC8C29BE2D6C00CEAE59 /* XcodeGPTTests.swift in Sources */ = {isa = PBXBuildFile; fileRef = 4B58CC8B29BE2D6C00CEAE59 /* XcodeGPTTests.swift */; };
		4B58CC9629BE2D6C00CEAE59 /* XcodeGPTUITests.swift in Sources */ = {isa = PBXBuildFile; fileRef = 4B58CC9529BE2D6C00CEAE59 /* XcodeGPTUITests.swift */; };
		4B58CC9829BE2D6C00CEAE59 /* XcodeGPTUITestsLaunchTests.swift in Sources */ = {isa = PBXBuildFile; fileRef = 4B58CC9729BE2D6C00CEAE59 /* XcodeGPTUITestsLaunchTests.swift */; };
		4B58CCAB29BE2DBE00CEAE59 /* Cocoa.framework in Frameworks */ = {isa = PBXBuildFile; fileRef = 4B58CCAA29BE2DBE00CEAE59 /* Cocoa.framework */; };
		4B58CCB029BE2DBE00CEAE59 /* SourceEditorExtension.swift in Sources */ = {isa = PBXBuildFile; fileRef = 4B58CCAF29BE2DBE00CEAE59 /* SourceEditorExtension.swift */; };
		4B58CCB229BE2DBE00CEAE59 /* SourceEditorCommand.swift in Sources */ = {isa = PBXBuildFile; fileRef = 4B58CCB129BE2DBE00CEAE59 /* SourceEditorCommand.swift */; };
		4B58CCB729BE2DBE00CEAE59 /* SwiftAI.appex in Embed Foundation Extensions */ = {isa = PBXBuildFile; fileRef = 4B58CCA829BE2DBE00CEAE59 /* SwiftAI.appex */; settings = {ATTRIBUTES = (RemoveHeadersOnCopy, ); }; };
		4B58CCBE29BE2FB100CEAE59 /* OpenAIKit in Frameworks */ = {isa = PBXBuildFile; productRef = 4B58CCBD29BE2FB100CEAE59 /* OpenAIKit */; };
		4B58CCBF29BE3E7900CEAE59 /* XcodeKit.framework in Frameworks */ = {isa = PBXBuildFile; fileRef = 4B58CCAC29BE2DBE00CEAE59 /* XcodeKit.framework */; };
		4B58CCC029BE3E7900CEAE59 /* XcodeKit.framework in Embed Frameworks */ = {isa = PBXBuildFile; fileRef = 4B58CCAC29BE2DBE00CEAE59 /* XcodeKit.framework */; settings = {ATTRIBUTES = (CodeSignOnCopy, RemoveHeadersOnCopy, ); }; };
		4B80408D29C157CC00522386 /* MenuCard.swift in Sources */ = {isa = PBXBuildFile; fileRef = 4B80408C29C157CC00522386 /* MenuCard.swift */; };
		4B80409729C167A300522386 /* SwiftAssistantCore.docc in Sources */ = {isa = PBXBuildFile; fileRef = 4B80409629C167A300522386 /* SwiftAssistantCore.docc */; };
		4B80409D29C167A300522386 /* SwiftAssistantCore.framework in Frameworks */ = {isa = PBXBuildFile; fileRef = 4B80409329C167A300522386 /* SwiftAssistantCore.framework */; };
		4B8040A229C167A300522386 /* SwiftAssistantCoreTests.swift in Sources */ = {isa = PBXBuildFile; fileRef = 4B8040A129C167A300522386 /* SwiftAssistantCoreTests.swift */; };
		4B8040A329C167A300522386 /* SwiftAssistantCore.h in Headers */ = {isa = PBXBuildFile; fileRef = 4B80409529C167A300522386 /* SwiftAssistantCore.h */; settings = {ATTRIBUTES = (Public, ); }; };
		4B8040AA29C167B200522386 /* SwiftAssistantCore.framework in Frameworks */ = {isa = PBXBuildFile; fileRef = 4B80409329C167A300522386 /* SwiftAssistantCore.framework */; };
		4B8040AB29C167B200522386 /* SwiftAssistantCore.framework in Embed Frameworks */ = {isa = PBXBuildFile; fileRef = 4B80409329C167A300522386 /* SwiftAssistantCore.framework */; settings = {ATTRIBUTES = (CodeSignOnCopy, RemoveHeadersOnCopy, ); }; };
		4B8040AF29C167C900522386 /* SwiftAssistantCore.framework in Frameworks */ = {isa = PBXBuildFile; fileRef = 4B80409329C167A300522386 /* SwiftAssistantCore.framework */; };
		4B8040B029C167C900522386 /* SwiftAssistantCore.framework in Embed Frameworks */ = {isa = PBXBuildFile; fileRef = 4B80409329C167A300522386 /* SwiftAssistantCore.framework */; settings = {ATTRIBUTES = (CodeSignOnCopy, RemoveHeadersOnCopy, ); }; };
		4B8040B529C167FE00522386 /* TokenManager.swift in Sources */ = {isa = PBXBuildFile; fileRef = 4B8040B429C167FE00522386 /* TokenManager.swift */; };
		4B8040B729C1690E00522386 /* KeychainHelper.swift in Sources */ = {isa = PBXBuildFile; fileRef = 4B8040B629C1690E00522386 /* KeychainHelper.swift */; };
		4B8040BA29C16AD800522386 /* HomeViewModel.swift in Sources */ = {isa = PBXBuildFile; fileRef = 4B8040B929C16AD800522386 /* HomeViewModel.swift */; };
/* End PBXBuildFile section */

/* Begin PBXContainerItemProxy section */
		4B58CC8829BE2D6C00CEAE59 /* PBXContainerItemProxy */ = {
			isa = PBXContainerItemProxy;
			containerPortal = 4B58CC6E29BE2D6900CEAE59 /* Project object */;
			proxyType = 1;
			remoteGlobalIDString = 4B58CC7529BE2D6900CEAE59;
			remoteInfo = XcodeGPT;
		};
		4B58CC9229BE2D6C00CEAE59 /* PBXContainerItemProxy */ = {
			isa = PBXContainerItemProxy;
			containerPortal = 4B58CC6E29BE2D6900CEAE59 /* Project object */;
			proxyType = 1;
			remoteGlobalIDString = 4B58CC7529BE2D6900CEAE59;
			remoteInfo = XcodeGPT;
		};
		4B58CCB529BE2DBE00CEAE59 /* PBXContainerItemProxy */ = {
			isa = PBXContainerItemProxy;
			containerPortal = 4B58CC6E29BE2D6900CEAE59 /* Project object */;
			proxyType = 1;
			remoteGlobalIDString = 4B58CCA729BE2DBE00CEAE59;
			remoteInfo = XGPT;
		};
		4B80409E29C167A300522386 /* PBXContainerItemProxy */ = {
			isa = PBXContainerItemProxy;
			containerPortal = 4B58CC6E29BE2D6900CEAE59 /* Project object */;
			proxyType = 1;
			remoteGlobalIDString = 4B80409229C167A300522386;
			remoteInfo = SwiftAssistantCore;
		};
		4B8040AC29C167B200522386 /* PBXContainerItemProxy */ = {
			isa = PBXContainerItemProxy;
			containerPortal = 4B58CC6E29BE2D6900CEAE59 /* Project object */;
			proxyType = 1;
			remoteGlobalIDString = 4B80409229C167A300522386;
			remoteInfo = SwiftAssistantCore;
		};
		4B8040B129C167C900522386 /* PBXContainerItemProxy */ = {
			isa = PBXContainerItemProxy;
			containerPortal = 4B58CC6E29BE2D6900CEAE59 /* Project object */;
			proxyType = 1;
			remoteGlobalIDString = 4B80409229C167A300522386;
			remoteInfo = SwiftAssistantCore;
		};
/* End PBXContainerItemProxy section */

/* Begin PBXCopyFilesBuildPhase section */
		4B58CCBB29BE2DBE00CEAE59 /* Embed Foundation Extensions */ = {
			isa = PBXCopyFilesBuildPhase;
			buildActionMask = 2147483647;
			dstPath = "";
			dstSubfolderSpec = 13;
			files = (
				4B58CCB729BE2DBE00CEAE59 /* SwiftAI.appex in Embed Foundation Extensions */,
			);
			name = "Embed Foundation Extensions";
			runOnlyForDeploymentPostprocessing = 0;
		};
		4B58CCC129BE3E7900CEAE59 /* Embed Frameworks */ = {
			isa = PBXCopyFilesBuildPhase;
			buildActionMask = 2147483647;
			dstPath = "";
			dstSubfolderSpec = 10;
			files = (
				4B8040B029C167C900522386 /* SwiftAssistantCore.framework in Embed Frameworks */,
				4B58CCC029BE3E7900CEAE59 /* XcodeKit.framework in Embed Frameworks */,
			);
			name = "Embed Frameworks";
			runOnlyForDeploymentPostprocessing = 0;
		};
		4B8040AE29C167B200522386 /* Embed Frameworks */ = {
			isa = PBXCopyFilesBuildPhase;
			buildActionMask = 2147483647;
			dstPath = "";
			dstSubfolderSpec = 10;
			files = (
				4B8040AB29C167B200522386 /* SwiftAssistantCore.framework in Embed Frameworks */,
			);
			name = "Embed Frameworks";
			runOnlyForDeploymentPostprocessing = 0;
		};
/* End PBXCopyFilesBuildPhase section */

/* Begin PBXFileReference section */
		4B12188F29C9280000F3A6AF /* TokenView.swift */ = {isa = PBXFileReference; lastKnownFileType = sourcecode.swift; path = TokenView.swift; sourceTree = "<group>"; };
		4B12189129C92A0000F3A6AF /* TokenViewModel.swift */ = {isa = PBXFileReference; lastKnownFileType = sourcecode.swift; path = TokenViewModel.swift; sourceTree = "<group>"; };
		4B58CC7629BE2D6900CEAE59 /* Swift Assistant.app */ = {isa = PBXFileReference; explicitFileType = wrapper.application; includeInIndex = 0; path = "Swift Assistant.app"; sourceTree = BUILT_PRODUCTS_DIR; };
		4B58CC7929BE2D6900CEAE59 /* XcodeGPTApp.swift */ = {isa = PBXFileReference; lastKnownFileType = sourcecode.swift; path = XcodeGPTApp.swift; sourceTree = "<group>"; };
		4B58CC7B29BE2D6900CEAE59 /* HomeView.swift */ = {isa = PBXFileReference; lastKnownFileType = sourcecode.swift; path = HomeView.swift; sourceTree = "<group>"; };
		4B58CC7D29BE2D6B00CEAE59 /* Assets.xcassets */ = {isa = PBXFileReference; lastKnownFileType = folder.assetcatalog; path = Assets.xcassets; sourceTree = "<group>"; };
		4B58CC8029BE2D6B00CEAE59 /* Preview Assets.xcassets */ = {isa = PBXFileReference; lastKnownFileType = folder.assetcatalog; path = "Preview Assets.xcassets"; sourceTree = "<group>"; };
		4B58CC8229BE2D6B00CEAE59 /* XcodeGPT.entitlements */ = {isa = PBXFileReference; lastKnownFileType = text.plist.entitlements; path = XcodeGPT.entitlements; sourceTree = "<group>"; };
		4B58CC8729BE2D6C00CEAE59 /* XcodeGPTTests.xctest */ = {isa = PBXFileReference; explicitFileType = wrapper.cfbundle; includeInIndex = 0; path = XcodeGPTTests.xctest; sourceTree = BUILT_PRODUCTS_DIR; };
		4B58CC8B29BE2D6C00CEAE59 /* XcodeGPTTests.swift */ = {isa = PBXFileReference; lastKnownFileType = sourcecode.swift; path = XcodeGPTTests.swift; sourceTree = "<group>"; };
		4B58CC9129BE2D6C00CEAE59 /* XcodeGPTUITests.xctest */ = {isa = PBXFileReference; explicitFileType = wrapper.cfbundle; includeInIndex = 0; path = XcodeGPTUITests.xctest; sourceTree = BUILT_PRODUCTS_DIR; };
		4B58CC9529BE2D6C00CEAE59 /* XcodeGPTUITests.swift */ = {isa = PBXFileReference; lastKnownFileType = sourcecode.swift; path = XcodeGPTUITests.swift; sourceTree = "<group>"; };
		4B58CC9729BE2D6C00CEAE59 /* XcodeGPTUITestsLaunchTests.swift */ = {isa = PBXFileReference; lastKnownFileType = sourcecode.swift; path = XcodeGPTUITestsLaunchTests.swift; sourceTree = "<group>"; };
		4B58CCA829BE2DBE00CEAE59 /* SwiftAI.appex */ = {isa = PBXFileReference; explicitFileType = "wrapper.app-extension"; includeInIndex = 0; path = SwiftAI.appex; sourceTree = BUILT_PRODUCTS_DIR; };
		4B58CCAA29BE2DBE00CEAE59 /* Cocoa.framework */ = {isa = PBXFileReference; lastKnownFileType = wrapper.framework; name = Cocoa.framework; path = System/Library/Frameworks/Cocoa.framework; sourceTree = SDKROOT; };
		4B58CCAC29BE2DBE00CEAE59 /* XcodeKit.framework */ = {isa = PBXFileReference; lastKnownFileType = wrapper.framework; name = XcodeKit.framework; path = Library/Frameworks/XcodeKit.framework; sourceTree = DEVELOPER_DIR; };
		4B58CCAF29BE2DBE00CEAE59 /* SourceEditorExtension.swift */ = {isa = PBXFileReference; lastKnownFileType = sourcecode.swift; path = SourceEditorExtension.swift; sourceTree = "<group>"; };
		4B58CCB129BE2DBE00CEAE59 /* SourceEditorCommand.swift */ = {isa = PBXFileReference; lastKnownFileType = sourcecode.swift; path = SourceEditorCommand.swift; sourceTree = "<group>"; };
		4B58CCB329BE2DBE00CEAE59 /* Info.plist */ = {isa = PBXFileReference; lastKnownFileType = text.plist.xml; path = Info.plist; sourceTree = "<group>"; };
		4B58CCB429BE2DBE00CEAE59 /* XGPT.entitlements */ = {isa = PBXFileReference; lastKnownFileType = text.plist.entitlements; path = XGPT.entitlements; sourceTree = "<group>"; };
		4B80408C29C157CC00522386 /* MenuCard.swift */ = {isa = PBXFileReference; lastKnownFileType = sourcecode.swift; path = MenuCard.swift; sourceTree = "<group>"; };
		4B80409329C167A300522386 /* SwiftAssistantCore.framework */ = {isa = PBXFileReference; explicitFileType = wrapper.framework; includeInIndex = 0; path = SwiftAssistantCore.framework; sourceTree = BUILT_PRODUCTS_DIR; };
		4B80409529C167A300522386 /* SwiftAssistantCore.h */ = {isa = PBXFileReference; lastKnownFileType = sourcecode.c.h; path = SwiftAssistantCore.h; sourceTree = "<group>"; };
		4B80409629C167A300522386 /* SwiftAssistantCore.docc */ = {isa = PBXFileReference; lastKnownFileType = folder.documentationcatalog; path = SwiftAssistantCore.docc; sourceTree = "<group>"; };
		4B80409C29C167A300522386 /* SwiftAssistantCoreTests.xctest */ = {isa = PBXFileReference; explicitFileType = wrapper.cfbundle; includeInIndex = 0; path = SwiftAssistantCoreTests.xctest; sourceTree = BUILT_PRODUCTS_DIR; };
		4B8040A129C167A300522386 /* SwiftAssistantCoreTests.swift */ = {isa = PBXFileReference; lastKnownFileType = sourcecode.swift; path = SwiftAssistantCoreTests.swift; sourceTree = "<group>"; };
		4B8040B429C167FE00522386 /* TokenManager.swift */ = {isa = PBXFileReference; lastKnownFileType = sourcecode.swift; path = TokenManager.swift; sourceTree = "<group>"; };
		4B8040B629C1690E00522386 /* KeychainHelper.swift */ = {isa = PBXFileReference; lastKnownFileType = sourcecode.swift; path = KeychainHelper.swift; sourceTree = "<group>"; };
		4B8040B929C16AD800522386 /* HomeViewModel.swift */ = {isa = PBXFileReference; lastKnownFileType = sourcecode.swift; path = HomeViewModel.swift; sourceTree = "<group>"; };
/* End PBXFileReference section */

/* Begin PBXFrameworksBuildPhase section */
		4B58CC7329BE2D6900CEAE59 /* Frameworks */ = {
			isa = PBXFrameworksBuildPhase;
			buildActionMask = 2147483647;
			files = (
				4B8040AA29C167B200522386 /* SwiftAssistantCore.framework in Frameworks */,
			);
			runOnlyForDeploymentPostprocessing = 0;
		};
		4B58CC8429BE2D6C00CEAE59 /* Frameworks */ = {
			isa = PBXFrameworksBuildPhase;
			buildActionMask = 2147483647;
			files = (
			);
			runOnlyForDeploymentPostprocessing = 0;
		};
		4B58CC8E29BE2D6C00CEAE59 /* Frameworks */ = {
			isa = PBXFrameworksBuildPhase;
			buildActionMask = 2147483647;
			files = (
			);
			runOnlyForDeploymentPostprocessing = 0;
		};
		4B58CCA529BE2DBE00CEAE59 /* Frameworks */ = {
			isa = PBXFrameworksBuildPhase;
			buildActionMask = 2147483647;
			files = (
				4B8040AF29C167C900522386 /* SwiftAssistantCore.framework in Frameworks */,
				4B58CCBF29BE3E7900CEAE59 /* XcodeKit.framework in Frameworks */,
				4B58CCAB29BE2DBE00CEAE59 /* Cocoa.framework in Frameworks */,
				4B58CCBE29BE2FB100CEAE59 /* OpenAIKit in Frameworks */,
			);
			runOnlyForDeploymentPostprocessing = 0;
		};
		4B80409029C167A300522386 /* Frameworks */ = {
			isa = PBXFrameworksBuildPhase;
			buildActionMask = 2147483647;
			files = (
			);
			runOnlyForDeploymentPostprocessing = 0;
		};
		4B80409929C167A300522386 /* Frameworks */ = {
			isa = PBXFrameworksBuildPhase;
			buildActionMask = 2147483647;
			files = (
				4B80409D29C167A300522386 /* SwiftAssistantCore.framework in Frameworks */,
			);
			runOnlyForDeploymentPostprocessing = 0;
		};
/* End PBXFrameworksBuildPhase section */

/* Begin PBXGroup section */
		4B12188E29C927EC00F3A6AF /* TokenView */ = {
			isa = PBXGroup;
			children = (
				4B12188F29C9280000F3A6AF /* TokenView.swift */,
				4B12189129C92A0000F3A6AF /* TokenViewModel.swift */,
			);
			path = TokenView;
			sourceTree = "<group>";
		};
		4B58CC6D29BE2D6900CEAE59 = {
			isa = PBXGroup;
			children = (
				4B58CC7829BE2D6900CEAE59 /* XcodeGPT */,
				4B58CC8A29BE2D6C00CEAE59 /* XcodeGPTTests */,
				4B58CC9429BE2D6C00CEAE59 /* XcodeGPTUITests */,
				4B58CCAE29BE2DBE00CEAE59 /* XGPT */,
				4B80409429C167A300522386 /* SwiftAssistantCore */,
				4B8040A029C167A300522386 /* SwiftAssistantCoreTests */,
				4B58CCA929BE2DBE00CEAE59 /* Frameworks */,
				4B58CC7729BE2D6900CEAE59 /* Products */,
			);
			sourceTree = "<group>";
		};
		4B58CC7729BE2D6900CEAE59 /* Products */ = {
			isa = PBXGroup;
			children = (
				4B58CC7629BE2D6900CEAE59 /* Swift Assistant.app */,
				4B58CC8729BE2D6C00CEAE59 /* XcodeGPTTests.xctest */,
				4B58CC9129BE2D6C00CEAE59 /* XcodeGPTUITests.xctest */,
				4B58CCA829BE2DBE00CEAE59 /* SwiftAI.appex */,
				4B80409329C167A300522386 /* SwiftAssistantCore.framework */,
				4B80409C29C167A300522386 /* SwiftAssistantCoreTests.xctest */,
			);
			name = Products;
			sourceTree = "<group>";
		};
		4B58CC7829BE2D6900CEAE59 /* XcodeGPT */ = {
			isa = PBXGroup;
			children = (
				4B12188E29C927EC00F3A6AF /* TokenView */,
				4B8040B829C16ACA00522386 /* HomeView */,
				4B58CC7929BE2D6900CEAE59 /* XcodeGPTApp.swift */,
				4B58CC7D29BE2D6B00CEAE59 /* Assets.xcassets */,
				4B58CC8229BE2D6B00CEAE59 /* XcodeGPT.entitlements */,
				4B58CC7F29BE2D6B00CEAE59 /* Preview Content */,
				4B80408C29C157CC00522386 /* MenuCard.swift */,
			);
			path = XcodeGPT;
			sourceTree = "<group>";
		};
		4B58CC7F29BE2D6B00CEAE59 /* Preview Content */ = {
			isa = PBXGroup;
			children = (
				4B58CC8029BE2D6B00CEAE59 /* Preview Assets.xcassets */,
			);
			path = "Preview Content";
			sourceTree = "<group>";
		};
		4B58CC8A29BE2D6C00CEAE59 /* XcodeGPTTests */ = {
			isa = PBXGroup;
			children = (
				4B58CC8B29BE2D6C00CEAE59 /* XcodeGPTTests.swift */,
			);
			path = XcodeGPTTests;
			sourceTree = "<group>";
		};
		4B58CC9429BE2D6C00CEAE59 /* XcodeGPTUITests */ = {
			isa = PBXGroup;
			children = (
				4B58CC9529BE2D6C00CEAE59 /* XcodeGPTUITests.swift */,
				4B58CC9729BE2D6C00CEAE59 /* XcodeGPTUITestsLaunchTests.swift */,
			);
			path = XcodeGPTUITests;
			sourceTree = "<group>";
		};
		4B58CCA929BE2DBE00CEAE59 /* Frameworks */ = {
			isa = PBXGroup;
			children = (
				4B58CCAA29BE2DBE00CEAE59 /* Cocoa.framework */,
				4B58CCAC29BE2DBE00CEAE59 /* XcodeKit.framework */,
			);
			name = Frameworks;
			sourceTree = "<group>";
		};
		4B58CCAE29BE2DBE00CEAE59 /* XGPT */ = {
			isa = PBXGroup;
			children = (
				4B58CCAF29BE2DBE00CEAE59 /* SourceEditorExtension.swift */,
				4B58CCB129BE2DBE00CEAE59 /* SourceEditorCommand.swift */,
				4B58CCB329BE2DBE00CEAE59 /* Info.plist */,
				4B58CCB429BE2DBE00CEAE59 /* XGPT.entitlements */,
			);
			path = XGPT;
			sourceTree = "<group>";
		};
		4B80409429C167A300522386 /* SwiftAssistantCore */ = {
			isa = PBXGroup;
			children = (
				4B8040B329C167EE00522386 /* TokenManager */,
				4B80409529C167A300522386 /* SwiftAssistantCore.h */,
				4B80409629C167A300522386 /* SwiftAssistantCore.docc */,
			);
			path = SwiftAssistantCore;
			sourceTree = "<group>";
		};
		4B8040A029C167A300522386 /* SwiftAssistantCoreTests */ = {
			isa = PBXGroup;
			children = (
				4B8040A129C167A300522386 /* SwiftAssistantCoreTests.swift */,
			);
			path = SwiftAssistantCoreTests;
			sourceTree = "<group>";
		};
		4B8040B329C167EE00522386 /* TokenManager */ = {
			isa = PBXGroup;
			children = (
				4B8040B429C167FE00522386 /* TokenManager.swift */,
				4B8040B629C1690E00522386 /* KeychainHelper.swift */,
			);
			path = TokenManager;
			sourceTree = "<group>";
		};
		4B8040B829C16ACA00522386 /* HomeView */ = {
			isa = PBXGroup;
			children = (
				4B58CC7B29BE2D6900CEAE59 /* HomeView.swift */,
				4B8040B929C16AD800522386 /* HomeViewModel.swift */,
			);
			path = HomeView;
			sourceTree = "<group>";
		};
/* End PBXGroup section */

/* Begin PBXHeadersBuildPhase section */
		4B80408E29C167A300522386 /* Headers */ = {
			isa = PBXHeadersBuildPhase;
			buildActionMask = 2147483647;
			files = (
				4B8040A329C167A300522386 /* SwiftAssistantCore.h in Headers */,
			);
			runOnlyForDeploymentPostprocessing = 0;
		};
/* End PBXHeadersBuildPhase section */

/* Begin PBXNativeTarget section */
		4B58CC7529BE2D6900CEAE59 /* XcodeGPT */ = {
			isa = PBXNativeTarget;
			buildConfigurationList = 4B58CC9B29BE2D6C00CEAE59 /* Build configuration list for PBXNativeTarget "XcodeGPT" */;
			buildPhases = (
				4B58CC7229BE2D6900CEAE59 /* Sources */,
				4B58CC7329BE2D6900CEAE59 /* Frameworks */,
				4B58CC7429BE2D6900CEAE59 /* Resources */,
				4B58CCBB29BE2DBE00CEAE59 /* Embed Foundation Extensions */,
				4B8040AE29C167B200522386 /* Embed Frameworks */,
			);
			buildRules = (
			);
			dependencies = (
				4B58CCB629BE2DBE00CEAE59 /* PBXTargetDependency */,
				4B8040AD29C167B200522386 /* PBXTargetDependency */,
			);
			name = XcodeGPT;
			productName = XcodeGPT;
			productReference = 4B58CC7629BE2D6900CEAE59 /* Swift Assistant.app */;
			productType = "com.apple.product-type.application";
		};
		4B58CC8629BE2D6C00CEAE59 /* XcodeGPTTests */ = {
			isa = PBXNativeTarget;
			buildConfigurationList = 4B58CC9E29BE2D6C00CEAE59 /* Build configuration list for PBXNativeTarget "XcodeGPTTests" */;
			buildPhases = (
				4B58CC8329BE2D6C00CEAE59 /* Sources */,
				4B58CC8429BE2D6C00CEAE59 /* Frameworks */,
				4B58CC8529BE2D6C00CEAE59 /* Resources */,
			);
			buildRules = (
			);
			dependencies = (
				4B58CC8929BE2D6C00CEAE59 /* PBXTargetDependency */,
			);
			name = XcodeGPTTests;
			productName = XcodeGPTTests;
			productReference = 4B58CC8729BE2D6C00CEAE59 /* XcodeGPTTests.xctest */;
			productType = "com.apple.product-type.bundle.unit-test";
		};
		4B58CC9029BE2D6C00CEAE59 /* XcodeGPTUITests */ = {
			isa = PBXNativeTarget;
			buildConfigurationList = 4B58CCA129BE2D6C00CEAE59 /* Build configuration list for PBXNativeTarget "XcodeGPTUITests" */;
			buildPhases = (
				4B58CC8D29BE2D6C00CEAE59 /* Sources */,
				4B58CC8E29BE2D6C00CEAE59 /* Frameworks */,
				4B58CC8F29BE2D6C00CEAE59 /* Resources */,
			);
			buildRules = (
			);
			dependencies = (
				4B58CC9329BE2D6C00CEAE59 /* PBXTargetDependency */,
			);
			name = XcodeGPTUITests;
			productName = XcodeGPTUITests;
			productReference = 4B58CC9129BE2D6C00CEAE59 /* XcodeGPTUITests.xctest */;
			productType = "com.apple.product-type.bundle.ui-testing";
		};
		4B58CCA729BE2DBE00CEAE59 /* SwiftAI */ = {
			isa = PBXNativeTarget;
			buildConfigurationList = 4B58CCB829BE2DBE00CEAE59 /* Build configuration list for PBXNativeTarget "SwiftAI" */;
			buildPhases = (
				4B58CCA429BE2DBE00CEAE59 /* Sources */,
				4B58CCA529BE2DBE00CEAE59 /* Frameworks */,
				4B58CCA629BE2DBE00CEAE59 /* Resources */,
				4B58CCC129BE3E7900CEAE59 /* Embed Frameworks */,
			);
			buildRules = (
			);
			dependencies = (
				4B8040B229C167C900522386 /* PBXTargetDependency */,
			);
			name = SwiftAI;
			packageProductDependencies = (
				4B58CCBD29BE2FB100CEAE59 /* OpenAIKit */,
			);
			productName = XGPT;
			productReference = 4B58CCA829BE2DBE00CEAE59 /* SwiftAI.appex */;
			productType = "com.apple.product-type.xcode-extension";
		};
		4B80409229C167A300522386 /* SwiftAssistantCore */ = {
			isa = PBXNativeTarget;
			buildConfigurationList = 4B8040A429C167A300522386 /* Build configuration list for PBXNativeTarget "SwiftAssistantCore" */;
			buildPhases = (
				4B80408E29C167A300522386 /* Headers */,
				4B80408F29C167A300522386 /* Sources */,
				4B80409029C167A300522386 /* Frameworks */,
				4B80409129C167A300522386 /* Resources */,
			);
			buildRules = (
			);
			dependencies = (
			);
			name = SwiftAssistantCore;
			productName = SwiftAssistantCore;
			productReference = 4B80409329C167A300522386 /* SwiftAssistantCore.framework */;
			productType = "com.apple.product-type.framework";
		};
		4B80409B29C167A300522386 /* SwiftAssistantCoreTests */ = {
			isa = PBXNativeTarget;
			buildConfigurationList = 4B8040A729C167A300522386 /* Build configuration list for PBXNativeTarget "SwiftAssistantCoreTests" */;
			buildPhases = (
				4B80409829C167A300522386 /* Sources */,
				4B80409929C167A300522386 /* Frameworks */,
				4B80409A29C167A300522386 /* Resources */,
			);
			buildRules = (
			);
			dependencies = (
				4B80409F29C167A300522386 /* PBXTargetDependency */,
			);
			name = SwiftAssistantCoreTests;
			productName = SwiftAssistantCoreTests;
			productReference = 4B80409C29C167A300522386 /* SwiftAssistantCoreTests.xctest */;
			productType = "com.apple.product-type.bundle.unit-test";
		};
/* End PBXNativeTarget section */

/* Begin PBXProject section */
		4B58CC6E29BE2D6900CEAE59 /* Project object */ = {
			isa = PBXProject;
			attributes = {
				BuildIndependentTargetsInParallel = 1;
				LastSwiftUpdateCheck = 1420;
				LastUpgradeCheck = 1420;
				TargetAttributes = {
					4B58CC7529BE2D6900CEAE59 = {
						CreatedOnToolsVersion = 14.2;
					};
					4B58CC8629BE2D6C00CEAE59 = {
						CreatedOnToolsVersion = 14.2;
						TestTargetID = 4B58CC7529BE2D6900CEAE59;
					};
					4B58CC9029BE2D6C00CEAE59 = {
						CreatedOnToolsVersion = 14.2;
						TestTargetID = 4B58CC7529BE2D6900CEAE59;
					};
					4B58CCA729BE2DBE00CEAE59 = {
						CreatedOnToolsVersion = 14.2;
					};
					4B80409229C167A300522386 = {
						CreatedOnToolsVersion = 14.2;
					};
					4B80409B29C167A300522386 = {
						CreatedOnToolsVersion = 14.2;
					};
				};
			};
			buildConfigurationList = 4B58CC7129BE2D6900CEAE59 /* Build configuration list for PBXProject "XcodeGPT" */;
			compatibilityVersion = "Xcode 14.0";
			developmentRegion = en;
			hasScannedForEncodings = 0;
			knownRegions = (
				en,
				Base,
			);
			mainGroup = 4B58CC6D29BE2D6900CEAE59;
			packageReferences = (
				4B58CCBC29BE2FB100CEAE59 /* XCRemoteSwiftPackageReference "openai-kit" */,
			);
			productRefGroup = 4B58CC7729BE2D6900CEAE59 /* Products */;
			projectDirPath = "";
			projectRoot = "";
			targets = (
				4B58CC7529BE2D6900CEAE59 /* XcodeGPT */,
				4B58CC8629BE2D6C00CEAE59 /* XcodeGPTTests */,
				4B58CC9029BE2D6C00CEAE59 /* XcodeGPTUITests */,
				4B58CCA729BE2DBE00CEAE59 /* SwiftAI */,
				4B80409229C167A300522386 /* SwiftAssistantCore */,
				4B80409B29C167A300522386 /* SwiftAssistantCoreTests */,
			);
		};
/* End PBXProject section */

/* Begin PBXResourcesBuildPhase section */
		4B58CC7429BE2D6900CEAE59 /* Resources */ = {
			isa = PBXResourcesBuildPhase;
			buildActionMask = 2147483647;
			files = (
				4B58CC8129BE2D6B00CEAE59 /* Preview Assets.xcassets in Resources */,
				4B58CC7E29BE2D6B00CEAE59 /* Assets.xcassets in Resources */,
			);
			runOnlyForDeploymentPostprocessing = 0;
		};
		4B58CC8529BE2D6C00CEAE59 /* Resources */ = {
			isa = PBXResourcesBuildPhase;
			buildActionMask = 2147483647;
			files = (
			);
			runOnlyForDeploymentPostprocessing = 0;
		};
		4B58CC8F29BE2D6C00CEAE59 /* Resources */ = {
			isa = PBXResourcesBuildPhase;
			buildActionMask = 2147483647;
			files = (
			);
			runOnlyForDeploymentPostprocessing = 0;
		};
		4B58CCA629BE2DBE00CEAE59 /* Resources */ = {
			isa = PBXResourcesBuildPhase;
			buildActionMask = 2147483647;
			files = (
			);
			runOnlyForDeploymentPostprocessing = 0;
		};
		4B80409129C167A300522386 /* Resources */ = {
			isa = PBXResourcesBuildPhase;
			buildActionMask = 2147483647;
			files = (
			);
			runOnlyForDeploymentPostprocessing = 0;
		};
		4B80409A29C167A300522386 /* Resources */ = {
			isa = PBXResourcesBuildPhase;
			buildActionMask = 2147483647;
			files = (
			);
			runOnlyForDeploymentPostprocessing = 0;
		};
/* End PBXResourcesBuildPhase section */

/* Begin PBXSourcesBuildPhase section */
		4B58CC7229BE2D6900CEAE59 /* Sources */ = {
			isa = PBXSourcesBuildPhase;
			buildActionMask = 2147483647;
			files = (
				4B58CC7C29BE2D6900CEAE59 /* HomeView.swift in Sources */,
				4B80408D29C157CC00522386 /* MenuCard.swift in Sources */,
				4B12189229C92A0000F3A6AF /* TokenViewModel.swift in Sources */,
				4B12189029C9280000F3A6AF /* TokenView.swift in Sources */,
				4B58CC7A29BE2D6900CEAE59 /* XcodeGPTApp.swift in Sources */,
				4B8040BA29C16AD800522386 /* HomeViewModel.swift in Sources */,
			);
			runOnlyForDeploymentPostprocessing = 0;
		};
		4B58CC8329BE2D6C00CEAE59 /* Sources */ = {
			isa = PBXSourcesBuildPhase;
			buildActionMask = 2147483647;
			files = (
				4B58CC8C29BE2D6C00CEAE59 /* XcodeGPTTests.swift in Sources */,
			);
			runOnlyForDeploymentPostprocessing = 0;
		};
		4B58CC8D29BE2D6C00CEAE59 /* Sources */ = {
			isa = PBXSourcesBuildPhase;
			buildActionMask = 2147483647;
			files = (
				4B58CC9829BE2D6C00CEAE59 /* XcodeGPTUITestsLaunchTests.swift in Sources */,
				4B58CC9629BE2D6C00CEAE59 /* XcodeGPTUITests.swift in Sources */,
			);
			runOnlyForDeploymentPostprocessing = 0;
		};
		4B58CCA429BE2DBE00CEAE59 /* Sources */ = {
			isa = PBXSourcesBuildPhase;
			buildActionMask = 2147483647;
			files = (
				4B58CCB029BE2DBE00CEAE59 /* SourceEditorExtension.swift in Sources */,
				4B58CCB229BE2DBE00CEAE59 /* SourceEditorCommand.swift in Sources */,
			);
			runOnlyForDeploymentPostprocessing = 0;
		};
		4B80408F29C167A300522386 /* Sources */ = {
			isa = PBXSourcesBuildPhase;
			buildActionMask = 2147483647;
			files = (
				4B80409729C167A300522386 /* SwiftAssistantCore.docc in Sources */,
				4B8040B729C1690E00522386 /* KeychainHelper.swift in Sources */,
				4B8040B529C167FE00522386 /* TokenManager.swift in Sources */,
			);
			runOnlyForDeploymentPostprocessing = 0;
		};
		4B80409829C167A300522386 /* Sources */ = {
			isa = PBXSourcesBuildPhase;
			buildActionMask = 2147483647;
			files = (
				4B8040A229C167A300522386 /* SwiftAssistantCoreTests.swift in Sources */,
			);
			runOnlyForDeploymentPostprocessing = 0;
		};
/* End PBXSourcesBuildPhase section */

/* Begin PBXTargetDependency section */
		4B58CC8929BE2D6C00CEAE59 /* PBXTargetDependency */ = {
			isa = PBXTargetDependency;
			target = 4B58CC7529BE2D6900CEAE59 /* XcodeGPT */;
			targetProxy = 4B58CC8829BE2D6C00CEAE59 /* PBXContainerItemProxy */;
		};
		4B58CC9329BE2D6C00CEAE59 /* PBXTargetDependency */ = {
			isa = PBXTargetDependency;
			target = 4B58CC7529BE2D6900CEAE59 /* XcodeGPT */;
			targetProxy = 4B58CC9229BE2D6C00CEAE59 /* PBXContainerItemProxy */;
		};
		4B58CCB629BE2DBE00CEAE59 /* PBXTargetDependency */ = {
			isa = PBXTargetDependency;
			target = 4B58CCA729BE2DBE00CEAE59 /* SwiftAI */;
			targetProxy = 4B58CCB529BE2DBE00CEAE59 /* PBXContainerItemProxy */;
		};
		4B80409F29C167A300522386 /* PBXTargetDependency */ = {
			isa = PBXTargetDependency;
			target = 4B80409229C167A300522386 /* SwiftAssistantCore */;
			targetProxy = 4B80409E29C167A300522386 /* PBXContainerItemProxy */;
		};
		4B8040AD29C167B200522386 /* PBXTargetDependency */ = {
			isa = PBXTargetDependency;
			target = 4B80409229C167A300522386 /* SwiftAssistantCore */;
			targetProxy = 4B8040AC29C167B200522386 /* PBXContainerItemProxy */;
		};
		4B8040B229C167C900522386 /* PBXTargetDependency */ = {
			isa = PBXTargetDependency;
			target = 4B80409229C167A300522386 /* SwiftAssistantCore */;
			targetProxy = 4B8040B129C167C900522386 /* PBXContainerItemProxy */;
		};
/* End PBXTargetDependency section */

/* Begin XCBuildConfiguration section */
		4B58CC9929BE2D6C00CEAE59 /* Debug */ = {
			isa = XCBuildConfiguration;
			buildSettings = {
				ALWAYS_SEARCH_USER_PATHS = NO;
				CLANG_ANALYZER_NONNULL = YES;
				CLANG_ANALYZER_NUMBER_OBJECT_CONVERSION = YES_AGGRESSIVE;
				CLANG_CXX_LANGUAGE_STANDARD = "gnu++20";
				CLANG_ENABLE_MODULES = YES;
				CLANG_ENABLE_OBJC_ARC = YES;
				CLANG_ENABLE_OBJC_WEAK = YES;
				CLANG_WARN_BLOCK_CAPTURE_AUTORELEASING = YES;
				CLANG_WARN_BOOL_CONVERSION = YES;
				CLANG_WARN_COMMA = YES;
				CLANG_WARN_CONSTANT_CONVERSION = YES;
				CLANG_WARN_DEPRECATED_OBJC_IMPLEMENTATIONS = YES;
				CLANG_WARN_DIRECT_OBJC_ISA_USAGE = YES_ERROR;
				CLANG_WARN_DOCUMENTATION_COMMENTS = YES;
				CLANG_WARN_EMPTY_BODY = YES;
				CLANG_WARN_ENUM_CONVERSION = YES;
				CLANG_WARN_INFINITE_RECURSION = YES;
				CLANG_WARN_INT_CONVERSION = YES;
				CLANG_WARN_NON_LITERAL_NULL_CONVERSION = YES;
				CLANG_WARN_OBJC_IMPLICIT_RETAIN_SELF = YES;
				CLANG_WARN_OBJC_LITERAL_CONVERSION = YES;
				CLANG_WARN_OBJC_ROOT_CLASS = YES_ERROR;
				CLANG_WARN_QUOTED_INCLUDE_IN_FRAMEWORK_HEADER = YES;
				CLANG_WARN_RANGE_LOOP_ANALYSIS = YES;
				CLANG_WARN_STRICT_PROTOTYPES = YES;
				CLANG_WARN_SUSPICIOUS_MOVE = YES;
				CLANG_WARN_UNGUARDED_AVAILABILITY = YES_AGGRESSIVE;
				CLANG_WARN_UNREACHABLE_CODE = YES;
				CLANG_WARN__DUPLICATE_METHOD_MATCH = YES;
				COPY_PHASE_STRIP = NO;
				DEBUG_INFORMATION_FORMAT = dwarf;
				ENABLE_STRICT_OBJC_MSGSEND = YES;
				ENABLE_TESTABILITY = YES;
				GCC_C_LANGUAGE_STANDARD = gnu11;
				GCC_DYNAMIC_NO_PIC = NO;
				GCC_NO_COMMON_BLOCKS = YES;
				GCC_OPTIMIZATION_LEVEL = 0;
				GCC_PREPROCESSOR_DEFINITIONS = (
					"DEBUG=1",
					"$(inherited)",
				);
				GCC_WARN_64_TO_32_BIT_CONVERSION = YES;
				GCC_WARN_ABOUT_RETURN_TYPE = YES_ERROR;
				GCC_WARN_UNDECLARED_SELECTOR = YES;
				GCC_WARN_UNINITIALIZED_AUTOS = YES_AGGRESSIVE;
				GCC_WARN_UNUSED_FUNCTION = YES;
				GCC_WARN_UNUSED_VARIABLE = YES;
				MACOSX_DEPLOYMENT_TARGET = 12.4;
				MTL_ENABLE_DEBUG_INFO = INCLUDE_SOURCE;
				MTL_FAST_MATH = YES;
				ONLY_ACTIVE_ARCH = YES;
				PRODUCT_NAME = "Swift Assistant";
				SDKROOT = macosx;
				SWIFT_ACTIVE_COMPILATION_CONDITIONS = DEBUG;
				SWIFT_OPTIMIZATION_LEVEL = "-Onone";
			};
			name = Debug;
		};
		4B58CC9A29BE2D6C00CEAE59 /* Release */ = {
			isa = XCBuildConfiguration;
			buildSettings = {
				ALWAYS_SEARCH_USER_PATHS = NO;
				CLANG_ANALYZER_NONNULL = YES;
				CLANG_ANALYZER_NUMBER_OBJECT_CONVERSION = YES_AGGRESSIVE;
				CLANG_CXX_LANGUAGE_STANDARD = "gnu++20";
				CLANG_ENABLE_MODULES = YES;
				CLANG_ENABLE_OBJC_ARC = YES;
				CLANG_ENABLE_OBJC_WEAK = YES;
				CLANG_WARN_BLOCK_CAPTURE_AUTORELEASING = YES;
				CLANG_WARN_BOOL_CONVERSION = YES;
				CLANG_WARN_COMMA = YES;
				CLANG_WARN_CONSTANT_CONVERSION = YES;
				CLANG_WARN_DEPRECATED_OBJC_IMPLEMENTATIONS = YES;
				CLANG_WARN_DIRECT_OBJC_ISA_USAGE = YES_ERROR;
				CLANG_WARN_DOCUMENTATION_COMMENTS = YES;
				CLANG_WARN_EMPTY_BODY = YES;
				CLANG_WARN_ENUM_CONVERSION = YES;
				CLANG_WARN_INFINITE_RECURSION = YES;
				CLANG_WARN_INT_CONVERSION = YES;
				CLANG_WARN_NON_LITERAL_NULL_CONVERSION = YES;
				CLANG_WARN_OBJC_IMPLICIT_RETAIN_SELF = YES;
				CLANG_WARN_OBJC_LITERAL_CONVERSION = YES;
				CLANG_WARN_OBJC_ROOT_CLASS = YES_ERROR;
				CLANG_WARN_QUOTED_INCLUDE_IN_FRAMEWORK_HEADER = YES;
				CLANG_WARN_RANGE_LOOP_ANALYSIS = YES;
				CLANG_WARN_STRICT_PROTOTYPES = YES;
				CLANG_WARN_SUSPICIOUS_MOVE = YES;
				CLANG_WARN_UNGUARDED_AVAILABILITY = YES_AGGRESSIVE;
				CLANG_WARN_UNREACHABLE_CODE = YES;
				CLANG_WARN__DUPLICATE_METHOD_MATCH = YES;
				COPY_PHASE_STRIP = NO;
				DEBUG_INFORMATION_FORMAT = "dwarf-with-dsym";
				ENABLE_NS_ASSERTIONS = NO;
				ENABLE_STRICT_OBJC_MSGSEND = YES;
				GCC_C_LANGUAGE_STANDARD = gnu11;
				GCC_NO_COMMON_BLOCKS = YES;
				GCC_WARN_64_TO_32_BIT_CONVERSION = YES;
				GCC_WARN_ABOUT_RETURN_TYPE = YES_ERROR;
				GCC_WARN_UNDECLARED_SELECTOR = YES;
				GCC_WARN_UNINITIALIZED_AUTOS = YES_AGGRESSIVE;
				GCC_WARN_UNUSED_FUNCTION = YES;
				GCC_WARN_UNUSED_VARIABLE = YES;
				MACOSX_DEPLOYMENT_TARGET = 12.4;
				MTL_ENABLE_DEBUG_INFO = NO;
				MTL_FAST_MATH = YES;
				PRODUCT_NAME = "Swift Assistant";
				SDKROOT = macosx;
				SWIFT_COMPILATION_MODE = wholemodule;
				SWIFT_OPTIMIZATION_LEVEL = "-O";
			};
			name = Release;
		};
		4B58CC9C29BE2D6C00CEAE59 /* Debug */ = {
			isa = XCBuildConfiguration;
			buildSettings = {
				ALWAYS_EMBED_SWIFT_STANDARD_LIBRARIES = YES;
				ASSETCATALOG_COMPILER_APPICON_NAME = AppIcon;
				ASSETCATALOG_COMPILER_GLOBAL_ACCENT_COLOR_NAME = AccentColor;
				CODE_SIGN_ENTITLEMENTS = XcodeGPT/XcodeGPT.entitlements;
				"CODE_SIGN_IDENTITY[sdk=macosx*]" = "Apple Development";
				CODE_SIGN_STYLE = Automatic;
				COMBINE_HIDPI_IMAGES = YES;
				CURRENT_PROJECT_VERSION = 1;
				DEVELOPMENT_ASSET_PATHS = "\"XcodeGPT/Preview Content\"";
				DEVELOPMENT_TEAM = 29346794D4;
				ENABLE_HARDENED_RUNTIME = YES;
				ENABLE_PREVIEWS = YES;
				GENERATE_INFOPLIST_FILE = YES;
				INFOPLIST_KEY_CFBundleDisplayName = "Swift Assistant";
				INFOPLIST_KEY_LSApplicationCategoryType = "public.app-category.productivity";
				INFOPLIST_KEY_NSHumanReadableCopyright = "";
				LD_RUNPATH_SEARCH_PATHS = (
					"$(inherited)",
					"@executable_path/../Frameworks",
				);
				MARKETING_VERSION = 1.0;
				PRODUCT_BUNDLE_IDENTIFIER = dev.muriloaraujo.XcodeGPT;
				PRODUCT_NAME = "Swift Assistant";
				SWIFT_EMIT_LOC_STRINGS = YES;
				SWIFT_VERSION = 5.0;
			};
			name = Debug;
		};
		4B58CC9D29BE2D6C00CEAE59 /* Release */ = {
			isa = XCBuildConfiguration;
			buildSettings = {
				ALWAYS_EMBED_SWIFT_STANDARD_LIBRARIES = YES;
				ASSETCATALOG_COMPILER_APPICON_NAME = AppIcon;
				ASSETCATALOG_COMPILER_GLOBAL_ACCENT_COLOR_NAME = AccentColor;
				CODE_SIGN_ENTITLEMENTS = XcodeGPT/XcodeGPT.entitlements;
				"CODE_SIGN_IDENTITY[sdk=macosx*]" = "Apple Development";
				CODE_SIGN_STYLE = Automatic;
				COMBINE_HIDPI_IMAGES = YES;
				CURRENT_PROJECT_VERSION = 1;
				DEVELOPMENT_ASSET_PATHS = "\"XcodeGPT/Preview Content\"";
				DEVELOPMENT_TEAM = 29346794D4;
				ENABLE_HARDENED_RUNTIME = YES;
				ENABLE_PREVIEWS = YES;
				GENERATE_INFOPLIST_FILE = YES;
				INFOPLIST_KEY_CFBundleDisplayName = "Swift Assistant";
				INFOPLIST_KEY_LSApplicationCategoryType = "public.app-category.productivity";
				INFOPLIST_KEY_NSHumanReadableCopyright = "";
				LD_RUNPATH_SEARCH_PATHS = (
					"$(inherited)",
					"@executable_path/../Frameworks",
				);
				MARKETING_VERSION = 1.0;
				PRODUCT_BUNDLE_IDENTIFIER = dev.muriloaraujo.XcodeGPT;
				PRODUCT_NAME = "Swift Assistant";
				SWIFT_EMIT_LOC_STRINGS = YES;
				SWIFT_VERSION = 5.0;
			};
			name = Release;
		};
		4B58CC9F29BE2D6C00CEAE59 /* Debug */ = {
			isa = XCBuildConfiguration;
			buildSettings = {
				ALWAYS_EMBED_SWIFT_STANDARD_LIBRARIES = YES;
				BUNDLE_LOADER = "$(TEST_HOST)";
				CODE_SIGN_STYLE = Automatic;
				CURRENT_PROJECT_VERSION = 1;
				DEVELOPMENT_TEAM = 29346794D4;
				GENERATE_INFOPLIST_FILE = YES;
				MACOSX_DEPLOYMENT_TARGET = 13.1;
				MARKETING_VERSION = 1.0;
				PRODUCT_BUNDLE_IDENTIFIER = dev.muriloaraujo.XcodeGPTTests;
				PRODUCT_NAME = "$(TARGET_NAME)";
				SWIFT_EMIT_LOC_STRINGS = NO;
				SWIFT_VERSION = 5.0;
				TEST_HOST = "$(BUILT_PRODUCTS_DIR)/XcodeGPT.app/$(BUNDLE_EXECUTABLE_FOLDER_PATH)/XcodeGPT";
			};
			name = Debug;
		};
		4B58CCA029BE2D6C00CEAE59 /* Release */ = {
			isa = XCBuildConfiguration;
			buildSettings = {
				ALWAYS_EMBED_SWIFT_STANDARD_LIBRARIES = YES;
				BUNDLE_LOADER = "$(TEST_HOST)";
				CODE_SIGN_STYLE = Automatic;
				CURRENT_PROJECT_VERSION = 1;
				DEVELOPMENT_TEAM = 29346794D4;
				GENERATE_INFOPLIST_FILE = YES;
				MACOSX_DEPLOYMENT_TARGET = 13.1;
				MARKETING_VERSION = 1.0;
				PRODUCT_BUNDLE_IDENTIFIER = dev.muriloaraujo.XcodeGPTTests;
				PRODUCT_NAME = "$(TARGET_NAME)";
				SWIFT_EMIT_LOC_STRINGS = NO;
				SWIFT_VERSION = 5.0;
				TEST_HOST = "$(BUILT_PRODUCTS_DIR)/XcodeGPT.app/$(BUNDLE_EXECUTABLE_FOLDER_PATH)/XcodeGPT";
			};
			name = Release;
		};
		4B58CCA229BE2D6C00CEAE59 /* Debug */ = {
			isa = XCBuildConfiguration;
			buildSettings = {
				ALWAYS_EMBED_SWIFT_STANDARD_LIBRARIES = YES;
				CODE_SIGN_STYLE = Automatic;
				CURRENT_PROJECT_VERSION = 1;
				DEVELOPMENT_TEAM = 29346794D4;
				GENERATE_INFOPLIST_FILE = YES;
				MARKETING_VERSION = 1.0;
				PRODUCT_BUNDLE_IDENTIFIER = dev.muriloaraujo.XcodeGPTUITests;
				PRODUCT_NAME = "$(TARGET_NAME)";
				SWIFT_EMIT_LOC_STRINGS = NO;
				SWIFT_VERSION = 5.0;
				TEST_TARGET_NAME = XcodeGPT;
			};
			name = Debug;
		};
		4B58CCA329BE2D6C00CEAE59 /* Release */ = {
			isa = XCBuildConfiguration;
			buildSettings = {
				ALWAYS_EMBED_SWIFT_STANDARD_LIBRARIES = YES;
				CODE_SIGN_STYLE = Automatic;
				CURRENT_PROJECT_VERSION = 1;
				DEVELOPMENT_TEAM = 29346794D4;
				GENERATE_INFOPLIST_FILE = YES;
				MARKETING_VERSION = 1.0;
				PRODUCT_BUNDLE_IDENTIFIER = dev.muriloaraujo.XcodeGPTUITests;
				PRODUCT_NAME = "$(TARGET_NAME)";
				SWIFT_EMIT_LOC_STRINGS = NO;
				SWIFT_VERSION = 5.0;
				TEST_TARGET_NAME = XcodeGPT;
			};
			name = Release;
		};
		4B58CCB929BE2DBE00CEAE59 /* Debug */ = {
			isa = XCBuildConfiguration;
			buildSettings = {
				CODE_SIGN_ENTITLEMENTS = XGPT/XGPT.entitlements;
				CODE_SIGN_STYLE = Automatic;
				COMBINE_HIDPI_IMAGES = YES;
				CURRENT_PROJECT_VERSION = 1;
				DEVELOPMENT_TEAM = 29346794D4;
				ENABLE_HARDENED_RUNTIME = YES;
				GENERATE_INFOPLIST_FILE = YES;
				INFOPLIST_FILE = XGPT/Info.plist;
				INFOPLIST_KEY_CFBundleDisplayName = SwiftAI;
				INFOPLIST_KEY_NSHumanReadableCopyright = "";
				LD_RUNPATH_SEARCH_PATHS = (
					"$(inherited)",
					"@executable_path/../Frameworks",
					"@executable_path/../../../../Frameworks",
				);
				MARKETING_VERSION = 1.0;
				PRODUCT_BUNDLE_IDENTIFIER = dev.muriloaraujo.XcodeGPT.XGPT;
				PRODUCT_NAME = "$(TARGET_NAME)";
				SKIP_INSTALL = YES;
				SWIFT_EMIT_LOC_STRINGS = YES;
				SWIFT_VERSION = 5.0;
			};
			name = Debug;
		};
		4B58CCBA29BE2DBE00CEAE59 /* Release */ = {
			isa = XCBuildConfiguration;
			buildSettings = {
				CODE_SIGN_ENTITLEMENTS = XGPT/XGPT.entitlements;
				CODE_SIGN_STYLE = Automatic;
				COMBINE_HIDPI_IMAGES = YES;
				CURRENT_PROJECT_VERSION = 1;
				DEVELOPMENT_TEAM = 29346794D4;
				ENABLE_HARDENED_RUNTIME = YES;
				GENERATE_INFOPLIST_FILE = YES;
				INFOPLIST_FILE = XGPT/Info.plist;
				INFOPLIST_KEY_CFBundleDisplayName = SwiftAI;
				INFOPLIST_KEY_NSHumanReadableCopyright = "";
				LD_RUNPATH_SEARCH_PATHS = (
					"$(inherited)",
					"@executable_path/../Frameworks",
					"@executable_path/../../../../Frameworks",
				);
				MARKETING_VERSION = 1.0;
				PRODUCT_BUNDLE_IDENTIFIER = dev.muriloaraujo.XcodeGPT.XGPT;
				PRODUCT_NAME = "$(TARGET_NAME)";
				SKIP_INSTALL = YES;
				SWIFT_EMIT_LOC_STRINGS = YES;
				SWIFT_VERSION = 5.0;
			};
			name = Release;
		};
		4B8040A529C167A300522386 /* Debug */ = {
			isa = XCBuildConfiguration;
			buildSettings = {
				CODE_SIGN_STYLE = Automatic;
				CURRENT_PROJECT_VERSION = 1;
				DEFINES_MODULE = YES;
				DEVELOPMENT_TEAM = 29346794D4;
				DYLIB_COMPATIBILITY_VERSION = 1;
				DYLIB_CURRENT_VERSION = 1;
				DYLIB_INSTALL_NAME_BASE = "@rpath";
				GENERATE_INFOPLIST_FILE = YES;
				INFOPLIST_KEY_NSHumanReadableCopyright = "";
				INSTALL_PATH = "$(LOCAL_LIBRARY_DIR)/Frameworks";
				LD_RUNPATH_SEARCH_PATHS = (
					"$(inherited)",
					"@executable_path/Frameworks",
					"@loader_path/Frameworks",
				);
				MARKETING_VERSION = 1.0;
				PRODUCT_BUNDLE_IDENTIFIER = dev.muriloaraujo.SwiftAssistantCore;
				PRODUCT_NAME = "$(TARGET_NAME:c99extidentifier)";
				SDKROOT = macosx;
				SKIP_INSTALL = YES;
				SWIFT_EMIT_LOC_STRINGS = YES;
				SWIFT_VERSION = 5.0;
				TARGETED_DEVICE_FAMILY = 3;
				TVOS_DEPLOYMENT_TARGET = 16.1;
				VERSIONING_SYSTEM = "apple-generic";
				VERSION_INFO_PREFIX = "";
			};
			name = Debug;
		};
		4B8040A629C167A300522386 /* Release */ = {
			isa = XCBuildConfiguration;
			buildSettings = {
				CODE_SIGN_STYLE = Automatic;
				CURRENT_PROJECT_VERSION = 1;
				DEFINES_MODULE = YES;
				DEVELOPMENT_TEAM = 29346794D4;
				DYLIB_COMPATIBILITY_VERSION = 1;
				DYLIB_CURRENT_VERSION = 1;
				DYLIB_INSTALL_NAME_BASE = "@rpath";
				GENERATE_INFOPLIST_FILE = YES;
				INFOPLIST_KEY_NSHumanReadableCopyright = "";
				INSTALL_PATH = "$(LOCAL_LIBRARY_DIR)/Frameworks";
				LD_RUNPATH_SEARCH_PATHS = (
					"$(inherited)",
					"@executable_path/Frameworks",
					"@loader_path/Frameworks",
				);
				MARKETING_VERSION = 1.0;
				PRODUCT_BUNDLE_IDENTIFIER = dev.muriloaraujo.SwiftAssistantCore;
				PRODUCT_NAME = "$(TARGET_NAME:c99extidentifier)";
				SDKROOT = macosx;
				SKIP_INSTALL = YES;
				SWIFT_EMIT_LOC_STRINGS = YES;
				SWIFT_VERSION = 5.0;
				TARGETED_DEVICE_FAMILY = 3;
				TVOS_DEPLOYMENT_TARGET = 16.1;
				VALIDATE_PRODUCT = YES;
				VERSIONING_SYSTEM = "apple-generic";
				VERSION_INFO_PREFIX = "";
			};
			name = Release;
		};
		4B8040A829C167A300522386 /* Debug */ = {
			isa = XCBuildConfiguration;
			buildSettings = {
				ALWAYS_EMBED_SWIFT_STANDARD_LIBRARIES = YES;
				CODE_SIGN_STYLE = Automatic;
				CURRENT_PROJECT_VERSION = 1;
				DEVELOPMENT_TEAM = 29346794D4;
				GENERATE_INFOPLIST_FILE = YES;
				MARKETING_VERSION = 1.0;
				PRODUCT_BUNDLE_IDENTIFIER = dev.muriloaraujo.SwiftAssistantCoreTests;
				PRODUCT_NAME = "$(TARGET_NAME)";
				SDKROOT = appletvos;
				SWIFT_EMIT_LOC_STRINGS = NO;
				SWIFT_VERSION = 5.0;
				TARGETED_DEVICE_FAMILY = 3;
				TVOS_DEPLOYMENT_TARGET = 16.1;
			};
			name = Debug;
		};
		4B8040A929C167A300522386 /* Release */ = {
			isa = XCBuildConfiguration;
			buildSettings = {
				ALWAYS_EMBED_SWIFT_STANDARD_LIBRARIES = YES;
				CODE_SIGN_STYLE = Automatic;
				CURRENT_PROJECT_VERSION = 1;
				DEVELOPMENT_TEAM = 29346794D4;
				GENERATE_INFOPLIST_FILE = YES;
				MARKETING_VERSION = 1.0;
				PRODUCT_BUNDLE_IDENTIFIER = dev.muriloaraujo.SwiftAssistantCoreTests;
				PRODUCT_NAME = "$(TARGET_NAME)";
				SDKROOT = appletvos;
				SWIFT_EMIT_LOC_STRINGS = NO;
				SWIFT_VERSION = 5.0;
				TARGETED_DEVICE_FAMILY = 3;
				TVOS_DEPLOYMENT_TARGET = 16.1;
				VALIDATE_PRODUCT = YES;
			};
			name = Release;
		};
/* End XCBuildConfiguration section */

/* Begin XCConfigurationList section */
		4B58CC7129BE2D6900CEAE59 /* Build configuration list for PBXProject "XcodeGPT" */ = {
			isa = XCConfigurationList;
			buildConfigurations = (
				4B58CC9929BE2D6C00CEAE59 /* Debug */,
				4B58CC9A29BE2D6C00CEAE59 /* Release */,
			);
			defaultConfigurationIsVisible = 0;
			defaultConfigurationName = Release;
		};
		4B58CC9B29BE2D6C00CEAE59 /* Build configuration list for PBXNativeTarget "XcodeGPT" */ = {
			isa = XCConfigurationList;
			buildConfigurations = (
				4B58CC9C29BE2D6C00CEAE59 /* Debug */,
				4B58CC9D29BE2D6C00CEAE59 /* Release */,
			);
			defaultConfigurationIsVisible = 0;
			defaultConfigurationName = Release;
		};
		4B58CC9E29BE2D6C00CEAE59 /* Build configuration list for PBXNativeTarget "XcodeGPTTests" */ = {
			isa = XCConfigurationList;
			buildConfigurations = (
				4B58CC9F29BE2D6C00CEAE59 /* Debug */,
				4B58CCA029BE2D6C00CEAE59 /* Release */,
			);
			defaultConfigurationIsVisible = 0;
			defaultConfigurationName = Release;
		};
		4B58CCA129BE2D6C00CEAE59 /* Build configuration list for PBXNativeTarget "XcodeGPTUITests" */ = {
			isa = XCConfigurationList;
			buildConfigurations = (
				4B58CCA229BE2D6C00CEAE59 /* Debug */,
				4B58CCA329BE2D6C00CEAE59 /* Release */,
			);
			defaultConfigurationIsVisible = 0;
			defaultConfigurationName = Release;
		};
		4B58CCB829BE2DBE00CEAE59 /* Build configuration list for PBXNativeTarget "SwiftAI" */ = {
			isa = XCConfigurationList;
			buildConfigurations = (
				4B58CCB929BE2DBE00CEAE59 /* Debug */,
				4B58CCBA29BE2DBE00CEAE59 /* Release */,
			);
			defaultConfigurationIsVisible = 0;
			defaultConfigurationName = Release;
		};
		4B8040A429C167A300522386 /* Build configuration list for PBXNativeTarget "SwiftAssistantCore" */ = {
			isa = XCConfigurationList;
			buildConfigurations = (
				4B8040A529C167A300522386 /* Debug */,
				4B8040A629C167A300522386 /* Release */,
			);
			defaultConfigurationIsVisible = 0;
			defaultConfigurationName = Release;
		};
		4B8040A729C167A300522386 /* Build configuration list for PBXNativeTarget "SwiftAssistantCoreTests" */ = {
			isa = XCConfigurationList;
			buildConfigurations = (
				4B8040A829C167A300522386 /* Debug */,
				4B8040A929C167A300522386 /* Release */,
			);
			defaultConfigurationIsVisible = 0;
			defaultConfigurationName = Release;
		};
/* End XCConfigurationList section */

/* Begin XCRemoteSwiftPackageReference section */
		4B58CCBC29BE2FB100CEAE59 /* XCRemoteSwiftPackageReference "openai-kit" */ = {
			isa = XCRemoteSwiftPackageReference;
			repositoryURL = "https://github.com/dylanshine/openai-kit.git";
			requirement = {
				kind = upToNextMajorVersion;
				minimumVersion = 1.0.0;
			};
		};
/* End XCRemoteSwiftPackageReference section */

/* Begin XCSwiftPackageProductDependency section */
		4B58CCBD29BE2FB100CEAE59 /* OpenAIKit */ = {
			isa = XCSwiftPackageProductDependency;
			package = 4B58CCBC29BE2FB100CEAE59 /* XCRemoteSwiftPackageReference "openai-kit" */;
			productName = OpenAIKit;
		};
/* End XCSwiftPackageProductDependency section */
	};
	rootObject = 4B58CC6E29BE2D6900CEAE59 /* Project object */;
}
